
Microsoft Visual Studio Solution File, Format Version 12.00
# Visual Studio Version 16
VisualStudioVersion = 16.0.30503.244
MinimumVisualStudioVersion = 10.0.40219.1
Project("{FAE04EC0-301F-11D3-BF4B-00C04F79EFBC}") = "Bartolini.Liam.4H.Gestionale", "Bartolini.Liam.4H.Gestionale\Bartolini.Liam.4H.Gestionale.csproj", "{97DA010F-30E9-4594-8156-65209F44B0F1}"
EndProject
Global
	GlobalSection(SolutionConfigurationPlatforms) = preSolution
		Debug|Any CPU = Debug|Any CPU
		Release|Any CPU = Release|Any CPU
	EndGlobalSection
	GlobalSection(ProjectConfigurationPlatforms) = postSolution
		{97DA010F-30E9-4594-8156-65209F44B0F1}.Debug|Any CPU.ActiveCfg = Debug|Any CPU
		{97DA010F-30E9-4594-8156-65209F44B0F1}.Debug|Any CPU.Build.0 = Debug|Any CPU
		{97DA010F-30E9-4594-8156-65209F44B0F1}.Release|Any CPU.ActiveCfg = Release|Any CPU
		{97DA010F-30E9-4594-8156-65209F44B0F1}.Release|Any CPU.Build.0 = Release|Any CPU
	EndGlobalSection
	GlobalSection(SolutionProperties) = preSolution
		HideSolutionNode = FALSE
	EndGlobalSection
	GlobalSection(ExtensibilityGlobals) = postSolution
		SolutionGuid = {5577CCCC-B02C-480A-86F9-B1113E0A047A}
	EndGlobalSection
EndGlobal
